
Microsoft Visual Studio Solution File, Format Version 12.00
# Visual Studio Version 16
VisualStudioVersion = 16.0.30413.136
MinimumVisualStudioVersion = 10.0.40219.1
Project("{FAE04EC0-301F-11D3-BF4B-00C04F79EFBC}") = "Sudoku", "Sudoku\Sudoku.csproj", "{EDFECD08-56D3-48B5-98A6-B14823A3D942}"
EndProject
Global
	GlobalSection(SolutionConfigurationPlatforms) = preSolution
		Debug|Any CPU = Debug|Any CPU
		Release|Any CPU = Release|Any CPU
	EndGlobalSection
	GlobalSection(ProjectConfigurationPlatforms) = postSolution
		{EDFECD08-56D3-48B5-98A6-B14823A3D942}.Debug|Any CPU.ActiveCfg = Debug|Any CPU
		{EDFECD08-56D3-48B5-98A6-B14823A3D942}.Debug|Any CPU.Build.0 = Debug|Any CPU
		{EDFECD08-56D3-48B5-98A6-B14823A3D942}.Release|Any CPU.ActiveCfg = Release|Any CPU
		{EDFECD08-56D3-48B5-98A6-B14823A3D942}.Release|Any CPU.Build.0 = Release|Any CPU
	EndGlobalSection
	GlobalSection(SolutionProperties) = preSolution
		HideSolutionNode = FALSE
	EndGlobalSection
	GlobalSection(ExtensibilityGlobals) = postSolution
		SolutionGuid = {828BAD36-778A-479A-9C21-BA6E9756E0C4}
	EndGlobalSection
EndGlobal
